// !$*UTF8*$!
{
	archiveVersion = 1;
	classes = {
	};
	objectVersion = 51;
	objects = {

/* Begin PBXBuildFile section */
		0DB5E1526CB6E8B37019AD10 /* Pods_WeatherGift.framework in Frameworks */ = {isa = PBXBuildFile; fileRef = 9EB0A7E6686B3884A258836C /* Pods_WeatherGift.framework */; };
		C505E9E023500851002C74B2 /* AppDelegate.swift in Sources */ = {isa = PBXBuildFile; fileRef = C505E9DF23500851002C74B2 /* AppDelegate.swift */; };
		C505E9E523500851002C74B2 /* Main.storyboard in Resources */ = {isa = PBXBuildFile; fileRef = C505E9E323500851002C74B2 /* Main.storyboard */; };
		C505E9E723500852002C74B2 /* Assets.xcassets in Resources */ = {isa = PBXBuildFile; fileRef = C505E9E623500852002C74B2 /* Assets.xcassets */; };
		C505E9EA23500852002C74B2 /* LaunchScreen.storyboard in Resources */ = {isa = PBXBuildFile; fileRef = C505E9E823500852002C74B2 /* LaunchScreen.storyboard */; };
		C505E9F22350098F002C74B2 /* DetailVC.swift in Sources */ = {isa = PBXBuildFile; fileRef = C505E9F12350098F002C74B2 /* DetailVC.swift */; };
		C505E9F423500E7D002C74B2 /* ListVC.swift in Sources */ = {isa = PBXBuildFile; fileRef = C505E9F323500E7D002C74B2 /* ListVC.swift */; };
		C505E9F62350111A002C74B2 /* PageVC.swift in Sources */ = {isa = PBXBuildFile; fileRef = C505E9F52350111A002C74B2 /* PageVC.swift */; };
		C5904E20235DFCF0009BE00E /* Constants.swift in Sources */ = {isa = PBXBuildFile; fileRef = C5904E1F235DFCF0009BE00E /* Constants.swift */; };
		C5B2E837235D0BBD00612237 /* WeatherLocation.swift in Sources */ = {isa = PBXBuildFile; fileRef = C5B2E836235D0BBD00612237 /* WeatherLocation.swift */; };
		C5ED7F6E236683E700CEDCD4 /* DayWeatherCell.swift in Sources */ = {isa = PBXBuildFile; fileRef = C5ED7F6D236683E700CEDCD4 /* DayWeatherCell.swift */; };
		C5ED7F7023674E3B00CEDCD4 /* TimeInterval+format.swift in Sources */ = {isa = PBXBuildFile; fileRef = C5ED7F6F23674E3B00CEDCD4 /* TimeInterval+format.swift */; };
		C5ED7F722367711200CEDCD4 /* HourlyWeatherCell.swift in Sources */ = {isa = PBXBuildFile; fileRef = C5ED7F712367711200CEDCD4 /* HourlyWeatherCell.swift */; };
/* End PBXBuildFile section */

/* Begin PBXFileReference section */
		4012D09D0A5FF919B2688CB5 /* Pods-WeatherGift.release.xcconfig */ = {isa = PBXFileReference; includeInIndex = 1; lastKnownFileType = text.xcconfig; name = "Pods-WeatherGift.release.xcconfig"; path = "Target Support Files/Pods-WeatherGift/Pods-WeatherGift.release.xcconfig"; sourceTree = "<group>"; };
		9D32FABE52B6A662CB769CD9 /* Pods-WeatherGift.debug.xcconfig */ = {isa = PBXFileReference; includeInIndex = 1; lastKnownFileType = text.xcconfig; name = "Pods-WeatherGift.debug.xcconfig"; path = "Target Support Files/Pods-WeatherGift/Pods-WeatherGift.debug.xcconfig"; sourceTree = "<group>"; };
		9EB0A7E6686B3884A258836C /* Pods_WeatherGift.framework */ = {isa = PBXFileReference; explicitFileType = wrapper.framework; includeInIndex = 0; path = Pods_WeatherGift.framework; sourceTree = BUILT_PRODUCTS_DIR; };
		C505E9DC23500851002C74B2 /* WeatherGift.app */ = {isa = PBXFileReference; explicitFileType = wrapper.application; includeInIndex = 0; path = WeatherGift.app; sourceTree = BUILT_PRODUCTS_DIR; };
		C505E9DF23500851002C74B2 /* AppDelegate.swift */ = {isa = PBXFileReference; lastKnownFileType = sourcecode.swift; path = AppDelegate.swift; sourceTree = "<group>"; };
		C505E9E423500851002C74B2 /* Base */ = {isa = PBXFileReference; lastKnownFileType = file.storyboard; name = Base; path = Base.lproj/Main.storyboard; sourceTree = "<group>"; };
		C505E9E623500852002C74B2 /* Assets.xcassets */ = {isa = PBXFileReference; lastKnownFileType = folder.assetcatalog; path = Assets.xcassets; sourceTree = "<group>"; };
		C505E9E923500852002C74B2 /* Base */ = {isa = PBXFileReference; lastKnownFileType = file.storyboard; name = Base; path = Base.lproj/LaunchScreen.storyboard; sourceTree = "<group>"; };
		C505E9EB23500852002C74B2 /* Info.plist */ = {isa = PBXFileReference; lastKnownFileType = text.plist.xml; path = Info.plist; sourceTree = "<group>"; };
		C505E9F12350098F002C74B2 /* DetailVC.swift */ = {isa = PBXFileReference; lastKnownFileType = sourcecode.swift; path = DetailVC.swift; sourceTree = "<group>"; };
		C505E9F323500E7D002C74B2 /* ListVC.swift */ = {isa = PBXFileReference; lastKnownFileType = sourcecode.swift; path = ListVC.swift; sourceTree = "<group>"; };
		C505E9F52350111A002C74B2 /* PageVC.swift */ = {isa = PBXFileReference; lastKnownFileType = sourcecode.swift; path = PageVC.swift; sourceTree = "<group>"; };
		C5904E1F235DFCF0009BE00E /* Constants.swift */ = {isa = PBXFileReference; lastKnownFileType = sourcecode.swift; path = Constants.swift; sourceTree = "<group>"; };
		C5B2E836235D0BBD00612237 /* WeatherLocation.swift */ = {isa = PBXFileReference; lastKnownFileType = sourcecode.swift; path = WeatherLocation.swift; sourceTree = "<group>"; };
		C5ED7F6D236683E700CEDCD4 /* DayWeatherCell.swift */ = {isa = PBXFileReference; lastKnownFileType = sourcecode.swift; path = DayWeatherCell.swift; sourceTree = "<group>"; };
		C5ED7F6F23674E3B00CEDCD4 /* TimeInterval+format.swift */ = {isa = PBXFileReference; lastKnownFileType = sourcecode.swift; path = "TimeInterval+format.swift"; sourceTree = "<group>"; };
		C5ED7F712367711200CEDCD4 /* HourlyWeatherCell.swift */ = {isa = PBXFileReference; lastKnownFileType = sourcecode.swift; path = HourlyWeatherCell.swift; sourceTree = "<group>"; };
/* End PBXFileReference section */

/* Begin PBXFrameworksBuildPhase section */
		C505E9D923500851002C74B2 /* Frameworks */ = {
			isa = PBXFrameworksBuildPhase;
			buildActionMask = 2147483647;
			files = (
				0DB5E1526CB6E8B37019AD10 /* Pods_WeatherGift.framework in Frameworks */,
			);
			runOnlyForDeploymentPostprocessing = 0;
		};
/* End PBXFrameworksBuildPhase section */

/* Begin PBXGroup section */
		C505E9D323500851002C74B2 = {
			isa = PBXGroup;
			children = (
				C505E9DE23500851002C74B2 /* WeatherGift */,
				C505E9DD23500851002C74B2 /* Products */,
				CF49B28952C6920350ED38F8 /* Pods */,
				ECF6DA341FCB8E55B7DD54FE /* Frameworks */,
			);
			sourceTree = "<group>";
		};
		C505E9DD23500851002C74B2 /* Products */ = {
			isa = PBXGroup;
			children = (
				C505E9DC23500851002C74B2 /* WeatherGift.app */,
			);
			name = Products;
			sourceTree = "<group>";
		};
		C505E9DE23500851002C74B2 /* WeatherGift */ = {
			isa = PBXGroup;
			children = (
				C505E9DF23500851002C74B2 /* AppDelegate.swift */,
				C5B2E836235D0BBD00612237 /* WeatherLocation.swift */,
				C505E9F52350111A002C74B2 /* PageVC.swift */,
				C505E9F12350098F002C74B2 /* DetailVC.swift */,
				C5ED7F6D236683E700CEDCD4 /* DayWeatherCell.swift */,
				C5ED7F712367711200CEDCD4 /* HourlyWeatherCell.swift */,
				C5ED7F6F23674E3B00CEDCD4 /* TimeInterval+format.swift */,
				C505E9F323500E7D002C74B2 /* ListVC.swift */,
				C5904E1F235DFCF0009BE00E /* Constants.swift */,
				C505E9E323500851002C74B2 /* Main.storyboard */,
				C505E9E623500852002C74B2 /* Assets.xcassets */,
				C505E9E823500852002C74B2 /* LaunchScreen.storyboard */,
				C505E9EB23500852002C74B2 /* Info.plist */,
			);
			path = WeatherGift;
			sourceTree = "<group>";
		};
		CF49B28952C6920350ED38F8 /* Pods */ = {
			isa = PBXGroup;
			children = (
				9D32FABE52B6A662CB769CD9 /* Pods-WeatherGift.debug.xcconfig */,
				4012D09D0A5FF919B2688CB5 /* Pods-WeatherGift.release.xcconfig */,
			);
			path = Pods;
			sourceTree = "<group>";
		};
		ECF6DA341FCB8E55B7DD54FE /* Frameworks */ = {
			isa = PBXGroup;
			children = (
				9EB0A7E6686B3884A258836C /* Pods_WeatherGift.framework */,
			);
			name = Frameworks;
			sourceTree = "<group>";
		};
/* End PBXGroup section */

/* Begin PBXNativeTarget section */
		C505E9DB23500851002C74B2 /* WeatherGift */ = {
			isa = PBXNativeTarget;
			buildConfigurationList = C505E9EE23500852002C74B2 /* Build configuration list for PBXNativeTarget "WeatherGift" */;
			buildPhases = (
				346301B8578915ADF6FED47F /* [CP] Check Pods Manifest.lock */,
				C505E9D823500851002C74B2 /* Sources */,
				C505E9D923500851002C74B2 /* Frameworks */,
				C505E9DA23500851002C74B2 /* Resources */,
				3210D547CC21DFAC13B278B7 /* [CP] Embed Pods Frameworks */,
				F01697C7998E750AFF189BCD /* [CP] Copy Pods Resources */,
			);
			buildRules = (
			);
			dependencies = (
			);
			name = WeatherGift;
			productName = WeatherGift;
			productReference = C505E9DC23500851002C74B2 /* WeatherGift.app */;
			productType = "com.apple.product-type.application";
		};
/* End PBXNativeTarget section */

/* Begin PBXProject section */
		C505E9D423500851002C74B2 /* Project object */ = {
			isa = PBXProject;
			attributes = {
				LastSwiftUpdateCheck = 1030;
				LastUpgradeCheck = 1030;
				ORGANIZATIONNAME = "Carter Borchetta";
				TargetAttributes = {
					C505E9DB23500851002C74B2 = {
						CreatedOnToolsVersion = 10.3;
					};
				};
			};
			buildConfigurationList = C505E9D723500851002C74B2 /* Build configuration list for PBXProject "WeatherGift" */;
			compatibilityVersion = "Xcode 9.3";
			developmentRegion = en;
			hasScannedForEncodings = 0;
			knownRegions = (
				en,
				Base,
			);
			mainGroup = C505E9D323500851002C74B2;
			productRefGroup = C505E9DD23500851002C74B2 /* Products */;
			projectDirPath = "";
			projectRoot = "";
			targets = (
				C505E9DB23500851002C74B2 /* WeatherGift */,
			);
		};
/* End PBXProject section */

/* Begin PBXResourcesBuildPhase section */
		C505E9DA23500851002C74B2 /* Resources */ = {
			isa = PBXResourcesBuildPhase;
			buildActionMask = 2147483647;
			files = (
				C505E9EA23500852002C74B2 /* LaunchScreen.storyboard in Resources */,
				C505E9E723500852002C74B2 /* Assets.xcassets in Resources */,
				C505E9E523500851002C74B2 /* Main.storyboard in Resources */,
			);
			runOnlyForDeploymentPostprocessing = 0;
		};
/* End PBXResourcesBuildPhase section */

/* Begin PBXShellScriptBuildPhase section */
		3210D547CC21DFAC13B278B7 /* [CP] Embed Pods Frameworks */ = {
			isa = PBXShellScriptBuildPhase;
			buildActionMask = 2147483647;
			files = (
			);
			inputFileListPaths = (
				"${PODS_ROOT}/Target Support Files/Pods-WeatherGift/Pods-WeatherGift-frameworks-${CONFIGURATION}-input-files.xcfilelist",
			);
			name = "[CP] Embed Pods Frameworks";
			outputFileListPaths = (
				"${PODS_ROOT}/Target Support Files/Pods-WeatherGift/Pods-WeatherGift-frameworks-${CONFIGURATION}-output-files.xcfilelist",
			);
			runOnlyForDeploymentPostprocessing = 0;
			shellPath = /bin/sh;
			shellScript = "\"${PODS_ROOT}/Target Support Files/Pods-WeatherGift/Pods-WeatherGift-frameworks.sh\"\n";
			showEnvVarsInLog = 0;
		};
		346301B8578915ADF6FED47F /* [CP] Check Pods Manifest.lock */ = {
			isa = PBXShellScriptBuildPhase;
			buildActionMask = 2147483647;
			files = (
			);
			inputFileListPaths = (
			);
			inputPaths = (
				"${PODS_PODFILE_DIR_PATH}/Podfile.lock",
				"${PODS_ROOT}/Manifest.lock",
			);
			name = "[CP] Check Pods Manifest.lock";
			outputFileListPaths = (
			);
			outputPaths = (
				"$(DERIVED_FILE_DIR)/Pods-WeatherGift-checkManifestLockResult.txt",
			);
			runOnlyForDeploymentPostprocessing = 0;
			shellPath = /bin/sh;
			shellScript = "diff \"${PODS_PODFILE_DIR_PATH}/Podfile.lock\" \"${PODS_ROOT}/Manifest.lock\" > /dev/null\nif [ $? != 0 ] ; then\n    # print error to STDERR\n    echo \"error: The sandbox is not in sync with the Podfile.lock. Run 'pod install' or update your CocoaPods installation.\" >&2\n    exit 1\nfi\n# This output is used by Xcode 'outputs' to avoid re-running this script phase.\necho \"SUCCESS\" > \"${SCRIPT_OUTPUT_FILE_0}\"\n";
			showEnvVarsInLog = 0;
		};
		F01697C7998E750AFF189BCD /* [CP] Copy Pods Resources */ = {
			isa = PBXShellScriptBuildPhase;
			buildActionMask = 2147483647;
			files = (
			);
			inputFileListPaths = (
				"${PODS_ROOT}/Target Support Files/Pods-WeatherGift/Pods-WeatherGift-resources-${CONFIGURATION}-input-files.xcfilelist",
			);
			name = "[CP] Copy Pods Resources";
			outputFileListPaths = (
				"${PODS_ROOT}/Target Support Files/Pods-WeatherGift/Pods-WeatherGift-resources-${CONFIGURATION}-output-files.xcfilelist",
			);
			runOnlyForDeploymentPostprocessing = 0;
			shellPath = /bin/sh;
			shellScript = "\"${PODS_ROOT}/Target Support Files/Pods-WeatherGift/Pods-WeatherGift-resources.sh\"\n";
			showEnvVarsInLog = 0;
		};
/* End PBXShellScriptBuildPhase section */

/* Begin PBXSourcesBuildPhase section */
		C505E9D823500851002C74B2 /* Sources */ = {
			isa = PBXSourcesBuildPhase;
			buildActionMask = 2147483647;
			files = (
				C5ED7F6E236683E700CEDCD4 /* DayWeatherCell.swift in Sources */,
				C5ED7F722367711200CEDCD4 /* HourlyWeatherCell.swift in Sources */,
				C5B2E837235D0BBD00612237 /* WeatherLocation.swift in Sources */,
				C505E9F423500E7D002C74B2 /* ListVC.swift in Sources */,
				C505E9F62350111A002C74B2 /* PageVC.swift in Sources */,
				C5ED7F7023674E3B00CEDCD4 /* TimeInterval+format.swift in Sources */,
				C505E9E023500851002C74B2 /* AppDelegate.swift in Sources */,
				C505E9F22350098F002C74B2 /* DetailVC.swift in Sources */,
				C5904E20235DFCF0009BE00E /* Constants.swift in Sources */,
			);
			runOnlyForDeploymentPostprocessing = 0;
		};
/* End PBXSourcesBuildPhase section */

/* Begin PBXVariantGroup section */
		C505E9E323500851002C74B2 /* Main.storyboard */ = {
			isa = PBXVariantGroup;
			children = (
				C505E9E423500851002C74B2 /* Base */,
			);
			name = Main.storyboard;
			sourceTree = "<group>";
		};
		C505E9E823500852002C74B2 /* LaunchScreen.storyboard */ = {
			isa = PBXVariantGroup;
			children = (
				C505E9E923500852002C74B2 /* Base */,
			);
			name = LaunchScreen.storyboard;
			sourceTree = "<group>";
		};
/* End PBXVariantGroup section */

/* Begin XCBuildConfiguration section */
		C505E9EC23500852002C74B2 /* Debug */ = {
			isa = XCBuildConfiguration;
			buildSettings = {
				ALWAYS_SEARCH_USER_PATHS = NO;
				CLANG_ANALYZER_NONNULL = YES;
				CLANG_ANALYZER_NUMBER_OBJECT_CONVERSION = YES_AGGRESSIVE;
				CLANG_CXX_LANGUAGE_STANDARD = "gnu++14";
				CLANG_CXX_LIBRARY = "libc++";
				CLANG_ENABLE_MODULES = YES;
				CLANG_ENABLE_OBJC_ARC = YES;
				CLANG_ENABLE_OBJC_WEAK = YES;
				CLANG_WARN_BLOCK_CAPTURE_AUTORELEASING = YES;
				CLANG_WARN_BOOL_CONVERSION = YES;
				CLANG_WARN_COMMA = YES;
				CLANG_WARN_CONSTANT_CONVERSION = YES;
				CLANG_WARN_DEPRECATED_OBJC_IMPLEMENTATIONS = YES;
				CLANG_WARN_DIRECT_OBJC_ISA_USAGE = YES_ERROR;
				CLANG_WARN_DOCUMENTATION_COMMENTS = YES;
				CLANG_WARN_EMPTY_BODY = YES;
				CLANG_WARN_ENUM_CONVERSION = YES;
				CLANG_WARN_INFINITE_RECURSION = YES;
				CLANG_WARN_INT_CONVERSION = YES;
				CLANG_WARN_NON_LITERAL_NULL_CONVERSION = YES;
				CLANG_WARN_OBJC_IMPLICIT_RETAIN_SELF = YES;
				CLANG_WARN_OBJC_LITERAL_CONVERSION = YES;
				CLANG_WARN_OBJC_ROOT_CLASS = YES_ERROR;
				CLANG_WARN_RANGE_LOOP_ANALYSIS = YES;
				CLANG_WARN_STRICT_PROTOTYPES = YES;
				CLANG_WARN_SUSPICIOUS_MOVE = YES;
				CLANG_WARN_UNGUARDED_AVAILABILITY = YES_AGGRESSIVE;
				CLANG_WARN_UNREACHABLE_CODE = YES;
				CLANG_WARN__DUPLICATE_METHOD_MATCH = YES;
				CODE_SIGN_IDENTITY = "iPhone Developer";
				COPY_PHASE_STRIP = NO;
				DEBUG_INFORMATION_FORMAT = dwarf;
				ENABLE_STRICT_OBJC_MSGSEND = YES;
				ENABLE_TESTABILITY = YES;
				GCC_C_LANGUAGE_STANDARD = gnu11;
				GCC_DYNAMIC_NO_PIC = NO;
				GCC_NO_COMMON_BLOCKS = YES;
				GCC_OPTIMIZATION_LEVEL = 0;
				GCC_PREPROCESSOR_DEFINITIONS = (
					"DEBUG=1",
					"$(inherited)",
				);
				GCC_WARN_64_TO_32_BIT_CONVERSION = YES;
				GCC_WARN_ABOUT_RETURN_TYPE = YES_ERROR;
				GCC_WARN_UNDECLARED_SELECTOR = YES;
				GCC_WARN_UNINITIALIZED_AUTOS = YES_AGGRESSIVE;
				GCC_WARN_UNUSED_FUNCTION = YES;
				GCC_WARN_UNUSED_VARIABLE = YES;
				IPHONEOS_DEPLOYMENT_TARGET = 12.4;
				MTL_ENABLE_DEBUG_INFO = INCLUDE_SOURCE;
				MTL_FAST_MATH = YES;
				ONLY_ACTIVE_ARCH = YES;
				SDKROOT = iphoneos;
				SWIFT_ACTIVE_COMPILATION_CONDITIONS = DEBUG;
				SWIFT_OPTIMIZATION_LEVEL = "-Onone";
			};
			name = Debug;
		};
		C505E9ED23500852002C74B2 /* Release */ = {
			isa = XCBuildConfiguration;
			buildSettings = {
				ALWAYS_SEARCH_USER_PATHS = NO;
				CLANG_ANALYZER_NONNULL = YES;
				CLANG_ANALYZER_NUMBER_OBJECT_CONVERSION = YES_AGGRESSIVE;
				CLANG_CXX_LANGUAGE_STANDARD = "gnu++14";
				CLANG_CXX_LIBRARY = "libc++";
				CLANG_ENABLE_MODULES = YES;
				CLANG_ENABLE_OBJC_ARC = YES;
				CLANG_ENABLE_OBJC_WEAK = YES;
				CLANG_WARN_BLOCK_CAPTURE_AUTORELEASING = YES;
				CLANG_WARN_BOOL_CONVERSION = YES;
				CLANG_WARN_COMMA = YES;
				CLANG_WARN_CONSTANT_CONVERSION = YES;
				CLANG_WARN_DEPRECATED_OBJC_IMPLEMENTATIONS = YES;
				CLANG_WARN_DIRECT_OBJC_ISA_USAGE = YES_ERROR;
				CLANG_WARN_DOCUMENTATION_COMMENTS = YES;
				CLANG_WARN_EMPTY_BODY = YES;
				CLANG_WARN_ENUM_CONVERSION = YES;
				CLANG_WARN_INFINITE_RECURSION = YES;
				CLANG_WARN_INT_CONVERSION = YES;
				CLANG_WARN_NON_LITERAL_NULL_CONVERSION = YES;
				CLANG_WARN_OBJC_IMPLICIT_RETAIN_SELF = YES;
				CLANG_WARN_OBJC_LITERAL_CONVERSION = YES;
				CLANG_WARN_OBJC_ROOT_CLASS = YES_ERROR;
				CLANG_WARN_RANGE_LOOP_ANALYSIS = YES;
				CLANG_WARN_STRICT_PROTOTYPES = YES;
				CLANG_WARN_SUSPICIOUS_MOVE = YES;
				CLANG_WARN_UNGUARDED_AVAILABILITY = YES_AGGRESSIVE;
				CLANG_WARN_UNREACHABLE_CODE = YES;
				CLANG_WARN__DUPLICATE_METHOD_MATCH = YES;
				CODE_SIGN_IDENTITY = "iPhone Developer";
				COPY_PHASE_STRIP = NO;
				DEBUG_INFORMATION_FORMAT = "dwarf-with-dsym";
				ENABLE_NS_ASSERTIONS = NO;
				ENABLE_STRICT_OBJC_MSGSEND = YES;
				GCC_C_LANGUAGE_STANDARD = gnu11;
				GCC_NO_COMMON_BLOCKS = YES;
				GCC_WARN_64_TO_32_BIT_CONVERSION = YES;
				GCC_WARN_ABOUT_RETURN_TYPE = YES_ERROR;
				GCC_WARN_UNDECLARED_SELECTOR = YES;
				GCC_WARN_UNINITIALIZED_AUTOS = YES_AGGRESSIVE;
				GCC_WARN_UNUSED_FUNCTION = YES;
				GCC_WARN_UNUSED_VARIABLE = YES;
				IPHONEOS_DEPLOYMENT_TARGET = 12.4;
				MTL_ENABLE_DEBUG_INFO = NO;
				MTL_FAST_MATH = YES;
				SDKROOT = iphoneos;
				SWIFT_COMPILATION_MODE = wholemodule;
				SWIFT_OPTIMIZATION_LEVEL = "-O";
				VALIDATE_PRODUCT = YES;
			};
			name = Release;
		};
		C505E9EF23500852002C74B2 /* Debug */ = {
			isa = XCBuildConfiguration;
			baseConfigurationReference = 9D32FABE52B6A662CB769CD9 /* Pods-WeatherGift.debug.xcconfig */;
			buildSettings = {
				ASSETCATALOG_COMPILER_APPICON_NAME = AppIcon;
				CODE_SIGN_STYLE = Automatic;
				DEVELOPMENT_TEAM = NSTS32W8H5;
				INFOPLIST_FILE = WeatherGift/Info.plist;
				IPHONEOS_DEPLOYMENT_TARGET = 11.0;
				LD_RUNPATH_SEARCH_PATHS = (
					"$(inherited)",
					"@executable_path/Frameworks",
				);
				PRODUCT_BUNDLE_IDENTIFIER = com.Borchetta.WeatherGift;
				PRODUCT_NAME = "$(TARGET_NAME)";
				SWIFT_VERSION = 5.0;
				TARGETED_DEVICE_FAMILY = "1,2";
			};
			name = Debug;
		};
		C505E9F023500852002C74B2 /* Release */ = {
			isa = XCBuildConfiguration;
			baseConfigurationReference = 4012D09D0A5FF919B2688CB5 /* Pods-WeatherGift.release.xcconfig */;
			buildSettings = {
				ASSETCATALOG_COMPILER_APPICON_NAME = AppIcon;
				CODE_SIGN_STYLE = Automatic;
				DEVELOPMENT_TEAM = NSTS32W8H5;
				INFOPLIST_FILE = WeatherGift/Info.plist;
				IPHONEOS_DEPLOYMENT_TARGET = 11.0;
				LD_RUNPATH_SEARCH_PATHS = (
					"$(inherited)",
					"@executable_path/Frameworks",
				);
				PRODUCT_BUNDLE_IDENTIFIER = com.Borchetta.WeatherGift;
				PRODUCT_NAME = "$(TARGET_NAME)";
				SWIFT_VERSION = 5.0;
				TARGETED_DEVICE_FAMILY = "1,2";
			};
			name = Release;
		};
/* End XCBuildConfiguration section */

/* Begin XCConfigurationList section */
		C505E9D723500851002C74B2 /* Build configuration list for PBXProject "WeatherGift" */ = {
			isa = XCConfigurationList;
			buildConfigurations = (
				C505E9EC23500852002C74B2 /* Debug */,
				C505E9ED23500852002C74B2 /* Release */,
			);
			defaultConfigurationIsVisible = 0;
			defaultConfigurationName = Release;
		};
		C505E9EE23500852002C74B2 /* Build configuration list for PBXNativeTarget "WeatherGift" */ = {
			isa = XCConfigurationList;
			buildConfigurations = (
				C505E9EF23500852002C74B2 /* Debug */,
				C505E9F023500852002C74B2 /* Release */,
			);
			defaultConfigurationIsVisible = 0;
			defaultConfigurationName = Release;
		};
/* End XCConfigurationList section */
	};
	rootObject = C505E9D423500851002C74B2 /* Project object */;
}
